
Microsoft Visual Studio Solution File, Format Version 12.00
# Visual Studio Version 17
VisualStudioVersion = 17.13.35825.156 d17.13
MinimumVisualStudioVersion = 10.0.40219.1
Project("{FAE04EC0-301F-11D3-BF4B-00C04F79EFBC}") = "conditions", "conditions\conditions.csproj", "{18A62A37-FE36-430E-B8A2-0E27B1087689}"
EndProject
Global
	GlobalSection(SolutionConfigurationPlatforms) = preSolution
		Debug|Any CPU = Debug|Any CPU
		Release|Any CPU = Release|Any CPU
	EndGlobalSection
	GlobalSection(ProjectConfigurationPlatforms) = postSolution
		{18A62A37-FE36-430E-B8A2-0E27B1087689}.Debug|Any CPU.ActiveCfg = Debug|Any CPU
		{18A62A37-FE36-430E-B8A2-0E27B1087689}.Debug|Any CPU.Build.0 = Debug|Any CPU
		{18A62A37-FE36-430E-B8A2-0E27B1087689}.Release|Any CPU.ActiveCfg = Release|Any CPU
		{18A62A37-FE36-430E-B8A2-0E27B1087689}.Release|Any CPU.Build.0 = Release|Any CPU
	EndGlobalSection
	GlobalSection(SolutionProperties) = preSolution
		HideSolutionNode = FALSE
	EndGlobalSection
	GlobalSection(ExtensibilityGlobals) = postSolution
		SolutionGuid = {D8B6C170-2B1B-4061-9CAC-9185FC076141}
	EndGlobalSection
EndGlobal
